
Microsoft Visual Studio Solution File, Format Version 12.00
# Visual Studio Version 17
VisualStudioVersion = 17.4.33110.190
MinimumVisualStudioVersion = 10.0.40219.1
Project("{FAE04EC0-301F-11D3-BF4B-00C04F79EFBC}") = "Database", "Database\Database.csproj", "{83AD1D26-F134-4831-AB1E-55D89B238330}"
EndProject
Global
	GlobalSection(SolutionConfigurationPlatforms) = preSolution
		Debug|Any CPU = Debug|Any CPU
		Release|Any CPU = Release|Any CPU
	EndGlobalSection
	GlobalSection(ProjectConfigurationPlatforms) = postSolution
		{83AD1D26-F134-4831-AB1E-55D89B238330}.Debug|Any CPU.ActiveCfg = Debug|Any CPU
		{83AD1D26-F134-4831-AB1E-55D89B238330}.Debug|Any CPU.Build.0 = Debug|Any CPU
		{83AD1D26-F134-4831-AB1E-55D89B238330}.Release|Any CPU.ActiveCfg = Release|Any CPU
		{83AD1D26-F134-4831-AB1E-55D89B238330}.Release|Any CPU.Build.0 = Release|Any CPU
	EndGlobalSection
	GlobalSection(SolutionProperties) = preSolution
		HideSolutionNode = FALSE
	EndGlobalSection
	GlobalSection(ExtensibilityGlobals) = postSolution
		SolutionGuid = {6ADA7109-7E51-4E8B-903B-B4E3C911872F}
	EndGlobalSection
EndGlobal
